
Microsoft Visual Studio Solution File, Format Version 12.00
# Visual Studio Version 16
VisualStudioVersion = 16.0.31613.86
MinimumVisualStudioVersion = 10.0.40219.1
Project("{9A19103F-16F7-4668-BE54-9A1E7A4F7556}") = "AndyB.Comms", "AndyB.Comms\AndyB.Comms.csproj", "{30CA6B13-99CD-405D-B85F-92931DDA1924}"
EndProject
Project("{9A19103F-16F7-4668-BE54-9A1E7A4F7556}") = "AndyB.Comms.Tests", "AndyB.Comms.Tests\AndyB.Comms.Tests.csproj", "{8AFA1230-5950-4579-99FC-F0784F04F7C6}"
EndProject
Project("{7CF6DF6D-3B04-46F8-A40B-537D21BCA0B4}") = "AndyB.Comms.Documentation", "AndyB.Comms.Documentation\AndyB.Comms.Documentation.shfbproj", "{9B714AD3-4DC0-4426-B60C-3E111B28BB9E}"
	ProjectSection(ProjectDependencies) = postProject
		{30CA6B13-99CD-405D-B85F-92931DDA1924} = {30CA6B13-99CD-405D-B85F-92931DDA1924}
	EndProjectSection
EndProject
Project("{9A19103F-16F7-4668-BE54-9A1E7A4F7556}") = "SerialTestApp", "SerialTestApp\SerialTestApp.csproj", "{4B51D91F-7ED6-4DA0-BAEB-9AB7FB5B4E31}"
EndProject
Project("{FAE04EC0-301F-11D3-BF4B-00C04F79EFBC}") = "BaseTerm", "BaseTerm\BaseTerm.csproj", "{2214D815-ED35-46A5-897F-E38A4E053350}"
EndProject
Global
	GlobalSection(SolutionConfigurationPlatforms) = preSolution
		Debug|Any CPU = Debug|Any CPU
		Release|Any CPU = Release|Any CPU
	EndGlobalSection
	GlobalSection(ProjectConfigurationPlatforms) = postSolution
		{30CA6B13-99CD-405D-B85F-92931DDA1924}.Debug|Any CPU.ActiveCfg = Debug|Any CPU
		{30CA6B13-99CD-405D-B85F-92931DDA1924}.Debug|Any CPU.Build.0 = Debug|Any CPU
		{30CA6B13-99CD-405D-B85F-92931DDA1924}.Release|Any CPU.ActiveCfg = Release|Any CPU
		{30CA6B13-99CD-405D-B85F-92931DDA1924}.Release|Any CPU.Build.0 = Release|Any CPU
		{8AFA1230-5950-4579-99FC-F0784F04F7C6}.Debug|Any CPU.ActiveCfg = Debug|Any CPU
		{8AFA1230-5950-4579-99FC-F0784F04F7C6}.Debug|Any CPU.Build.0 = Debug|Any CPU
		{8AFA1230-5950-4579-99FC-F0784F04F7C6}.Release|Any CPU.ActiveCfg = Release|Any CPU
		{8AFA1230-5950-4579-99FC-F0784F04F7C6}.Release|Any CPU.Build.0 = Release|Any CPU
		{9B714AD3-4DC0-4426-B60C-3E111B28BB9E}.Debug|Any CPU.ActiveCfg = Debug|Any CPU
		{9B714AD3-4DC0-4426-B60C-3E111B28BB9E}.Release|Any CPU.ActiveCfg = Release|Any CPU
		{9B714AD3-4DC0-4426-B60C-3E111B28BB9E}.Release|Any CPU.Build.0 = Release|Any CPU
		{4B51D91F-7ED6-4DA0-BAEB-9AB7FB5B4E31}.Debug|Any CPU.ActiveCfg = Debug|Any CPU
		{4B51D91F-7ED6-4DA0-BAEB-9AB7FB5B4E31}.Debug|Any CPU.Build.0 = Debug|Any CPU
		{4B51D91F-7ED6-4DA0-BAEB-9AB7FB5B4E31}.Release|Any CPU.ActiveCfg = Release|Any CPU
		{4B51D91F-7ED6-4DA0-BAEB-9AB7FB5B4E31}.Release|Any CPU.Build.0 = Release|Any CPU
		{2214D815-ED35-46A5-897F-E38A4E053350}.Debug|Any CPU.ActiveCfg = Debug|Any CPU
		{2214D815-ED35-46A5-897F-E38A4E053350}.Debug|Any CPU.Build.0 = Debug|Any CPU
		{2214D815-ED35-46A5-897F-E38A4E053350}.Release|Any CPU.ActiveCfg = Release|Any CPU
		{2214D815-ED35-46A5-897F-E38A4E053350}.Release|Any CPU.Build.0 = Release|Any CPU
	EndGlobalSection
	GlobalSection(SolutionProperties) = preSolution
		HideSolutionNode = FALSE
	EndGlobalSection
	GlobalSection(ExtensibilityGlobals) = postSolution
		SolutionGuid = {A53D8C2A-72EB-4757-A3E0-D40900F78642}
	EndGlobalSection
EndGlobal
